// !$*UTF8*$!
{
	archiveVersion = 1;
	classes = {
	};
	objectVersion = 50;
	objects = {

/* Begin PBXBuildFile section */
		2D5F494F230B93380019B968 /* AppDelegate.swift in Sources */ = {isa = PBXBuildFile; fileRef = 2D5F494E230B93380019B968 /* AppDelegate.swift */; };
		2D5F4951230B93380019B968 /* ViewController.swift in Sources */ = {isa = PBXBuildFile; fileRef = 2D5F4950230B93380019B968 /* ViewController.swift */; };
		2D5F4954230B93380019B968 /* Main.storyboard in Resources */ = {isa = PBXBuildFile; fileRef = 2D5F4952230B93380019B968 /* Main.storyboard */; };
		2D5F4956230B933A0019B968 /* Assets.xcassets in Resources */ = {isa = PBXBuildFile; fileRef = 2D5F4955230B933A0019B968 /* Assets.xcassets */; };
		2D5F4959230B933A0019B968 /* LaunchScreen.storyboard in Resources */ = {isa = PBXBuildFile; fileRef = 2D5F4957230B933A0019B968 /* LaunchScreen.storyboard */; };
		2D5F4964230B933A0019B968 /* TDDFaDaTsaiDemoTests.swift in Sources */ = {isa = PBXBuildFile; fileRef = 2D5F4963230B933A0019B968 /* TDDFaDaTsaiDemoTests.swift */; };
		2D5F497C230B94160019B968 /* ViewController.swift in Sources */ = {isa = PBXBuildFile; fileRef = 2D5F4950230B93380019B968 /* ViewController.swift */; };
		E313D2D3230EDAE700727FD1 /* Generator.swift in Sources */ = {isa = PBXBuildFile; fileRef = E3C8893A230EB258009256BA /* Generator.swift */; };
		E313D2D4230EDAEA00727FD1 /* Array+ToString.swift in Sources */ = {isa = PBXBuildFile; fileRef = E3C8893C230ED82E009256BA /* Array+ToString.swift */; };
		E313D2D6230EDB0C00727FD1 /* GeneratorTests.swift in Sources */ = {isa = PBXBuildFile; fileRef = E313D2D5230EDB0C00727FD1 /* GeneratorTests.swift */; };
		E313D2DA230EDD7400727FD1 /* ArrayExtensionTests.swift in Sources */ = {isa = PBXBuildFile; fileRef = E313D2D9230EDD7400727FD1 /* ArrayExtensionTests.swift */; };
		E3C88931230D6FBC009256BA /* NetworkingService.swift in Sources */ = {isa = PBXBuildFile; fileRef = E3C88930230D6FBC009256BA /* NetworkingService.swift */; };
		E3C88935230D7595009256BA /* FaDaTsaiAPI.swift in Sources */ = {isa = PBXBuildFile; fileRef = E3C88934230D7595009256BA /* FaDaTsaiAPI.swift */; };
		E3C88938230D75E5009256BA /* FaDaTsaiResult.swift in Sources */ = {isa = PBXBuildFile; fileRef = E3C88937230D75E5009256BA /* FaDaTsaiResult.swift */; };
		E3C8893B230EB258009256BA /* Generator.swift in Sources */ = {isa = PBXBuildFile; fileRef = E3C8893A230EB258009256BA /* Generator.swift */; };
		E3C8893D230ED82E009256BA /* Array+ToString.swift in Sources */ = {isa = PBXBuildFile; fileRef = E3C8893C230ED82E009256BA /* Array+ToString.swift */; };
/* End PBXBuildFile section */

/* Begin PBXContainerItemProxy section */
		2D5F4960230B933A0019B968 /* PBXContainerItemProxy */ = {
			isa = PBXContainerItemProxy;
			containerPortal = 2D5F4943230B93380019B968 /* Project object */;
			proxyType = 1;
			remoteGlobalIDString = 2D5F494A230B93380019B968;
			remoteInfo = TDDFaDaTsaiDemo;
		};
/* End PBXContainerItemProxy section */

/* Begin PBXFileReference section */
		2D5F494B230B93380019B968 /* TDDFaDaTsaiDemo.app */ = {isa = PBXFileReference; explicitFileType = wrapper.application; includeInIndex = 0; path = TDDFaDaTsaiDemo.app; sourceTree = BUILT_PRODUCTS_DIR; };
		2D5F494E230B93380019B968 /* AppDelegate.swift */ = {isa = PBXFileReference; lastKnownFileType = sourcecode.swift; path = AppDelegate.swift; sourceTree = "<group>"; };
		2D5F4950230B93380019B968 /* ViewController.swift */ = {isa = PBXFileReference; lastKnownFileType = sourcecode.swift; path = ViewController.swift; sourceTree = "<group>"; };
		2D5F4953230B93380019B968 /* Base */ = {isa = PBXFileReference; lastKnownFileType = file.storyboard; name = Base; path = Base.lproj/Main.storyboard; sourceTree = "<group>"; };
		2D5F4955230B933A0019B968 /* Assets.xcassets */ = {isa = PBXFileReference; lastKnownFileType = folder.assetcatalog; path = Assets.xcassets; sourceTree = "<group>"; };
		2D5F4958230B933A0019B968 /* Base */ = {isa = PBXFileReference; lastKnownFileType = file.storyboard; name = Base; path = Base.lproj/LaunchScreen.storyboard; sourceTree = "<group>"; };
		2D5F495A230B933A0019B968 /* Info.plist */ = {isa = PBXFileReference; lastKnownFileType = text.plist.xml; path = Info.plist; sourceTree = "<group>"; };
		2D5F495F230B933A0019B968 /* TDDFaDaTsaiDemoTests.xctest */ = {isa = PBXFileReference; explicitFileType = wrapper.cfbundle; includeInIndex = 0; path = TDDFaDaTsaiDemoTests.xctest; sourceTree = BUILT_PRODUCTS_DIR; };
		2D5F4963230B933A0019B968 /* TDDFaDaTsaiDemoTests.swift */ = {isa = PBXFileReference; lastKnownFileType = sourcecode.swift; path = TDDFaDaTsaiDemoTests.swift; sourceTree = "<group>"; };
		2D5F4965230B933A0019B968 /* TestInfo.plist */ = {isa = PBXFileReference; lastKnownFileType = text.plist.xml; path = TestInfo.plist; sourceTree = "<group>"; };
		E313D2D5230EDB0C00727FD1 /* GeneratorTests.swift */ = {isa = PBXFileReference; lastKnownFileType = sourcecode.swift; name = GeneratorTests.swift; path = ../../../../../../System/Volumes/Data/Users/stevesun/dev/TDDFaDaTsaiDemo/Tests/Generator/GeneratorTests.swift; sourceTree = "<group>"; };
		E313D2D9230EDD7400727FD1 /* ArrayExtensionTests.swift */ = {isa = PBXFileReference; lastKnownFileType = sourcecode.swift; path = ArrayExtensionTests.swift; sourceTree = "<group>"; };
		E3C88930230D6FBC009256BA /* NetworkingService.swift */ = {isa = PBXFileReference; lastKnownFileType = sourcecode.swift; path = NetworkingService.swift; sourceTree = "<group>"; };
		E3C88934230D7595009256BA /* FaDaTsaiAPI.swift */ = {isa = PBXFileReference; lastKnownFileType = sourcecode.swift; path = FaDaTsaiAPI.swift; sourceTree = "<group>"; };
		E3C88937230D75E5009256BA /* FaDaTsaiResult.swift */ = {isa = PBXFileReference; lastKnownFileType = sourcecode.swift; path = FaDaTsaiResult.swift; sourceTree = "<group>"; };
		E3C8893A230EB258009256BA /* Generator.swift */ = {isa = PBXFileReference; lastKnownFileType = sourcecode.swift; path = Generator.swift; sourceTree = "<group>"; };
		E3C8893C230ED82E009256BA /* Array+ToString.swift */ = {isa = PBXFileReference; lastKnownFileType = sourcecode.swift; path = "Array+ToString.swift"; sourceTree = "<group>"; };
/* End PBXFileReference section */

/* Begin PBXFrameworksBuildPhase section */
		2D5F4948230B93380019B968 /* Frameworks */ = {
			isa = PBXFrameworksBuildPhase;
			buildActionMask = 2147483647;
			files = (
			);
			runOnlyForDeploymentPostprocessing = 0;
		};
		2D5F495C230B933A0019B968 /* Frameworks */ = {
			isa = PBXFrameworksBuildPhase;
			buildActionMask = 2147483647;
			files = (
			);
			runOnlyForDeploymentPostprocessing = 0;
		};
/* End PBXFrameworksBuildPhase section */

/* Begin PBXGroup section */
		2D5F4942230B93380019B968 = {
			isa = PBXGroup;
			children = (
				2D5F494D230B93380019B968 /* Sources */,
				2D5F4962230B933A0019B968 /* Tests */,
				E3C8892D230D6D5A009256BA /* Resources */,
				E3C8892C230D6D55009256BA /* Metadata */,
				2D5F494C230B93380019B968 /* Products */,
			);
			sourceTree = "<group>";
		};
		2D5F494C230B93380019B968 /* Products */ = {
			isa = PBXGroup;
			children = (
				2D5F494B230B93380019B968 /* TDDFaDaTsaiDemo.app */,
				2D5F495F230B933A0019B968 /* TDDFaDaTsaiDemoTests.xctest */,
			);
			name = Products;
			sourceTree = "<group>";
		};
		2D5F494D230B93380019B968 /* Sources */ = {
			isa = PBXGroup;
			children = (
				2D5F494E230B93380019B968 /* AppDelegate.swift */,
				E3C88939230EB240009256BA /* Helpers */,
				E3C8892E230D6DDA009256BA /* Networking */,
				E3C88936230D75C3009256BA /* Models */,
				E3C8892F230D6DEE009256BA /* ViewControllers */,
			);
			path = Sources;
			sourceTree = "<group>";
		};
		2D5F4962230B933A0019B968 /* Tests */ = {
			isa = PBXGroup;
			children = (
				E313D2D2230EDADC00727FD1 /* Extensions */,
				E313D2D1230EDACE00727FD1 /* Generator */,
				2D5F4963230B933A0019B968 /* TDDFaDaTsaiDemoTests.swift */,
			);
			path = Tests;
			sourceTree = "<group>";
		};
		E313D2D1230EDACE00727FD1 /* Generator */ = {
			isa = PBXGroup;
			children = (
				E313D2D5230EDB0C00727FD1 /* GeneratorTests.swift */,
			);
			path = Generator;
			sourceTree = "<group>";
		};
		E313D2D2230EDADC00727FD1 /* Extensions */ = {
			isa = PBXGroup;
			children = (
				E313D2D9230EDD7400727FD1 /* ArrayExtensionTests.swift */,
			);
			path = Extensions;
			sourceTree = "<group>";
		};
		E3C8892C230D6D55009256BA /* Metadata */ = {
			isa = PBXGroup;
			children = (
				2D5F495A230B933A0019B968 /* Info.plist */,
				2D5F4965230B933A0019B968 /* TestInfo.plist */,
			);
			path = Metadata;
			sourceTree = "<group>";
		};
		E3C8892D230D6D5A009256BA /* Resources */ = {
			isa = PBXGroup;
			children = (
				2D5F4955230B933A0019B968 /* Assets.xcassets */,
				2D5F4957230B933A0019B968 /* LaunchScreen.storyboard */,
			);
			path = Resources;
			sourceTree = "<group>";
		};
		E3C8892E230D6DDA009256BA /* Networking */ = {
			isa = PBXGroup;
			children = (
				E3C88930230D6FBC009256BA /* NetworkingService.swift */,
				E3C88934230D7595009256BA /* FaDaTsaiAPI.swift */,
			);
			path = Networking;
			sourceTree = "<group>";
		};
		E3C8892F230D6DEE009256BA /* ViewControllers */ = {
			isa = PBXGroup;
			children = (
				2D5F4952230B93380019B968 /* Main.storyboard */,
				2D5F4950230B93380019B968 /* ViewController.swift */,
			);
			path = ViewControllers;
			sourceTree = "<group>";
		};
		E3C88936230D75C3009256BA /* Models */ = {
			isa = PBXGroup;
			children = (
				E3C88937230D75E5009256BA /* FaDaTsaiResult.swift */,
			);
			path = Models;
			sourceTree = "<group>";
		};
		E3C88939230EB240009256BA /* Helpers */ = {
			isa = PBXGroup;
			children = (
				E3C8893A230EB258009256BA /* Generator.swift */,
				E3C8893C230ED82E009256BA /* Array+ToString.swift */,
			);
			path = Helpers;
			sourceTree = "<group>";
		};
/* End PBXGroup section */

/* Begin PBXNativeTarget section */
		2D5F494A230B93380019B968 /* TDDFaDaTsaiDemo */ = {
			isa = PBXNativeTarget;
			buildConfigurationList = 2D5F4973230B933A0019B968 /* Build configuration list for PBXNativeTarget "TDDFaDaTsaiDemo" */;
			buildPhases = (
				2D5F4947230B93380019B968 /* Sources */,
				2D5F4948230B93380019B968 /* Frameworks */,
				2D5F4949230B93380019B968 /* Resources */,
			);
			buildRules = (
			);
			dependencies = (
			);
			name = TDDFaDaTsaiDemo;
			productName = TDDFaDaTsaiDemo;
			productReference = 2D5F494B230B93380019B968 /* TDDFaDaTsaiDemo.app */;
			productType = "com.apple.product-type.application";
		};
		2D5F495E230B933A0019B968 /* TDDFaDaTsaiDemoTests */ = {
			isa = PBXNativeTarget;
			buildConfigurationList = 2D5F4976230B933A0019B968 /* Build configuration list for PBXNativeTarget "TDDFaDaTsaiDemoTests" */;
			buildPhases = (
				2D5F495B230B933A0019B968 /* Sources */,
				2D5F495C230B933A0019B968 /* Frameworks */,
				2D5F495D230B933A0019B968 /* Resources */,
			);
			buildRules = (
			);
			dependencies = (
				2D5F4961230B933A0019B968 /* PBXTargetDependency */,
			);
			name = TDDFaDaTsaiDemoTests;
			productName = TDDFaDaTsaiDemoTests;
			productReference = 2D5F495F230B933A0019B968 /* TDDFaDaTsaiDemoTests.xctest */;
			productType = "com.apple.product-type.bundle.unit-test";
		};
/* End PBXNativeTarget section */

/* Begin PBXProject section */
		2D5F4943230B93380019B968 /* Project object */ = {
			isa = PBXProject;
			attributes = {
				LastSwiftUpdateCheck = 1020;
				LastUpgradeCheck = 1020;
				ORGANIZATIONNAME = DinDin;
				TargetAttributes = {
					2D5F494A230B93380019B968 = {
						CreatedOnToolsVersion = 10.2.1;
					};
					2D5F495E230B933A0019B968 = {
						CreatedOnToolsVersion = 10.2.1;
						TestTargetID = 2D5F494A230B93380019B968;
					};
				};
			};
			buildConfigurationList = 2D5F4946230B93380019B968 /* Build configuration list for PBXProject "TDDFaDaTsaiDemo" */;
			compatibilityVersion = "Xcode 9.3";
			developmentRegion = en;
			hasScannedForEncodings = 0;
			knownRegions = (
				en,
				Base,
			);
			mainGroup = 2D5F4942230B93380019B968;
			productRefGroup = 2D5F494C230B93380019B968 /* Products */;
			projectDirPath = "";
			projectRoot = "";
			targets = (
				2D5F494A230B93380019B968 /* TDDFaDaTsaiDemo */,
				2D5F495E230B933A0019B968 /* TDDFaDaTsaiDemoTests */,
			);
		};
/* End PBXProject section */

/* Begin PBXResourcesBuildPhase section */
		2D5F4949230B93380019B968 /* Resources */ = {
			isa = PBXResourcesBuildPhase;
			buildActionMask = 2147483647;
			files = (
				2D5F4959230B933A0019B968 /* LaunchScreen.storyboard in Resources */,
				2D5F4956230B933A0019B968 /* Assets.xcassets in Resources */,
				2D5F4954230B93380019B968 /* Main.storyboard in Resources */,
			);
			runOnlyForDeploymentPostprocessing = 0;
		};
		2D5F495D230B933A0019B968 /* Resources */ = {
			isa = PBXResourcesBuildPhase;
			buildActionMask = 2147483647;
			files = (
			);
			runOnlyForDeploymentPostprocessing = 0;
		};
/* End PBXResourcesBuildPhase section */

/* Begin PBXSourcesBuildPhase section */
		2D5F4947230B93380019B968 /* Sources */ = {
			isa = PBXSourcesBuildPhase;
			buildActionMask = 2147483647;
			files = (
				E3C8893D230ED82E009256BA /* Array+ToString.swift in Sources */,
				E3C88938230D75E5009256BA /* FaDaTsaiResult.swift in Sources */,
				E3C88931230D6FBC009256BA /* NetworkingService.swift in Sources */,
				2D5F4951230B93380019B968 /* ViewController.swift in Sources */,
				E3C8893B230EB258009256BA /* Generator.swift in Sources */,
				2D5F494F230B93380019B968 /* AppDelegate.swift in Sources */,
				E3C88935230D7595009256BA /* FaDaTsaiAPI.swift in Sources */,
			);
			runOnlyForDeploymentPostprocessing = 0;
		};
		2D5F495B230B933A0019B968 /* Sources */ = {
			isa = PBXSourcesBuildPhase;
			buildActionMask = 2147483647;
			files = (
				E313D2D3230EDAE700727FD1 /* Generator.swift in Sources */,
				E313D2D6230EDB0C00727FD1 /* GeneratorTests.swift in Sources */,
				2D5F497C230B94160019B968 /* ViewController.swift in Sources */,
				2D5F4964230B933A0019B968 /* TDDFaDaTsaiDemoTests.swift in Sources */,
				E313D2D4230EDAEA00727FD1 /* Array+ToString.swift in Sources */,
				E313D2DA230EDD7400727FD1 /* ArrayExtensionTests.swift in Sources */,
			);
			runOnlyForDeploymentPostprocessing = 0;
		};
/* End PBXSourcesBuildPhase section */

/* Begin PBXTargetDependency section */
		2D5F4961230B933A0019B968 /* PBXTargetDependency */ = {
			isa = PBXTargetDependency;
			target = 2D5F494A230B93380019B968 /* TDDFaDaTsaiDemo */;
			targetProxy = 2D5F4960230B933A0019B968 /* PBXContainerItemProxy */;
		};
/* End PBXTargetDependency section */

/* Begin PBXVariantGroup section */
		2D5F4952230B93380019B968 /* Main.storyboard */ = {
			isa = PBXVariantGroup;
			children = (
				2D5F4953230B93380019B968 /* Base */,
			);
			name = Main.storyboard;
			sourceTree = "<group>";
		};
		2D5F4957230B933A0019B968 /* LaunchScreen.storyboard */ = {
			isa = PBXVariantGroup;
			children = (
				2D5F4958230B933A0019B968 /* Base */,
			);
			name = LaunchScreen.storyboard;
			sourceTree = "<group>";
		};
/* End PBXVariantGroup section */

/* Begin XCBuildConfiguration section */
		2D5F4971230B933A0019B968 /* Debug */ = {
			isa = XCBuildConfiguration;
			buildSettings = {
				ALWAYS_SEARCH_USER_PATHS = NO;
				CLANG_ANALYZER_NONNULL = YES;
				CLANG_ANALYZER_NUMBER_OBJECT_CONVERSION = YES_AGGRESSIVE;
				CLANG_CXX_LANGUAGE_STANDARD = "gnu++14";
				CLANG_CXX_LIBRARY = "libc++";
				CLANG_ENABLE_MODULES = YES;
				CLANG_ENABLE_OBJC_ARC = YES;
				CLANG_ENABLE_OBJC_WEAK = YES;
				CLANG_WARN_BLOCK_CAPTURE_AUTORELEASING = YES;
				CLANG_WARN_BOOL_CONVERSION = YES;
				CLANG_WARN_COMMA = YES;
				CLANG_WARN_CONSTANT_CONVERSION = YES;
				CLANG_WARN_DEPRECATED_OBJC_IMPLEMENTATIONS = YES;
				CLANG_WARN_DIRECT_OBJC_ISA_USAGE = YES_ERROR;
				CLANG_WARN_DOCUMENTATION_COMMENTS = YES;
				CLANG_WARN_EMPTY_BODY = YES;
				CLANG_WARN_ENUM_CONVERSION = YES;
				CLANG_WARN_INFINITE_RECURSION = YES;
				CLANG_WARN_INT_CONVERSION = YES;
				CLANG_WARN_NON_LITERAL_NULL_CONVERSION = YES;
				CLANG_WARN_OBJC_IMPLICIT_RETAIN_SELF = YES;
				CLANG_WARN_OBJC_LITERAL_CONVERSION = YES;
				CLANG_WARN_OBJC_ROOT_CLASS = YES_ERROR;
				CLANG_WARN_RANGE_LOOP_ANALYSIS = YES;
				CLANG_WARN_STRICT_PROTOTYPES = YES;
				CLANG_WARN_SUSPICIOUS_MOVE = YES;
				CLANG_WARN_UNGUARDED_AVAILABILITY = YES_AGGRESSIVE;
				CLANG_WARN_UNREACHABLE_CODE = YES;
				CLANG_WARN__DUPLICATE_METHOD_MATCH = YES;
				CODE_SIGN_IDENTITY = "iPhone Developer";
				COPY_PHASE_STRIP = NO;
				DEBUG_INFORMATION_FORMAT = dwarf;
				ENABLE_STRICT_OBJC_MSGSEND = YES;
				ENABLE_TESTABILITY = YES;
				GCC_C_LANGUAGE_STANDARD = gnu11;
				GCC_DYNAMIC_NO_PIC = NO;
				GCC_NO_COMMON_BLOCKS = YES;
				GCC_OPTIMIZATION_LEVEL = 0;
				GCC_PREPROCESSOR_DEFINITIONS = (
					"DEBUG=1",
					"$(inherited)",
				);
				GCC_WARN_64_TO_32_BIT_CONVERSION = YES;
				GCC_WARN_ABOUT_RETURN_TYPE = YES_ERROR;
				GCC_WARN_UNDECLARED_SELECTOR = YES;
				GCC_WARN_UNINITIALIZED_AUTOS = YES_AGGRESSIVE;
				GCC_WARN_UNUSED_FUNCTION = YES;
				GCC_WARN_UNUSED_VARIABLE = YES;
				IPHONEOS_DEPLOYMENT_TARGET = 12.2;
				MTL_ENABLE_DEBUG_INFO = INCLUDE_SOURCE;
				MTL_FAST_MATH = YES;
				ONLY_ACTIVE_ARCH = YES;
				SDKROOT = iphoneos;
				SWIFT_ACTIVE_COMPILATION_CONDITIONS = DEBUG;
				SWIFT_OPTIMIZATION_LEVEL = "-Onone";
			};
			name = Debug;
		};
		2D5F4972230B933A0019B968 /* Release */ = {
			isa = XCBuildConfiguration;
			buildSettings = {
				ALWAYS_SEARCH_USER_PATHS = NO;
				CLANG_ANALYZER_NONNULL = YES;
				CLANG_ANALYZER_NUMBER_OBJECT_CONVERSION = YES_AGGRESSIVE;
				CLANG_CXX_LANGUAGE_STANDARD = "gnu++14";
				CLANG_CXX_LIBRARY = "libc++";
				CLANG_ENABLE_MODULES = YES;
				CLANG_ENABLE_OBJC_ARC = YES;
				CLANG_ENABLE_OBJC_WEAK = YES;
				CLANG_WARN_BLOCK_CAPTURE_AUTORELEASING = YES;
				CLANG_WARN_BOOL_CONVERSION = YES;
				CLANG_WARN_COMMA = YES;
				CLANG_WARN_CONSTANT_CONVERSION = YES;
				CLANG_WARN_DEPRECATED_OBJC_IMPLEMENTATIONS = YES;
				CLANG_WARN_DIRECT_OBJC_ISA_USAGE = YES_ERROR;
				CLANG_WARN_DOCUMENTATION_COMMENTS = YES;
				CLANG_WARN_EMPTY_BODY = YES;
				CLANG_WARN_ENUM_CONVERSION = YES;
				CLANG_WARN_INFINITE_RECURSION = YES;
				CLANG_WARN_INT_CONVERSION = YES;
				CLANG_WARN_NON_LITERAL_NULL_CONVERSION = YES;
				CLANG_WARN_OBJC_IMPLICIT_RETAIN_SELF = YES;
				CLANG_WARN_OBJC_LITERAL_CONVERSION = YES;
				CLANG_WARN_OBJC_ROOT_CLASS = YES_ERROR;
				CLANG_WARN_RANGE_LOOP_ANALYSIS = YES;
				CLANG_WARN_STRICT_PROTOTYPES = YES;
				CLANG_WARN_SUSPICIOUS_MOVE = YES;
				CLANG_WARN_UNGUARDED_AVAILABILITY = YES_AGGRESSIVE;
				CLANG_WARN_UNREACHABLE_CODE = YES;
				CLANG_WARN__DUPLICATE_METHOD_MATCH = YES;
				CODE_SIGN_IDENTITY = "iPhone Developer";
				COPY_PHASE_STRIP = NO;
				DEBUG_INFORMATION_FORMAT = "dwarf-with-dsym";
				ENABLE_NS_ASSERTIONS = NO;
				ENABLE_STRICT_OBJC_MSGSEND = YES;
				GCC_C_LANGUAGE_STANDARD = gnu11;
				GCC_NO_COMMON_BLOCKS = YES;
				GCC_WARN_64_TO_32_BIT_CONVERSION = YES;
				GCC_WARN_ABOUT_RETURN_TYPE = YES_ERROR;
				GCC_WARN_UNDECLARED_SELECTOR = YES;
				GCC_WARN_UNINITIALIZED_AUTOS = YES_AGGRESSIVE;
				GCC_WARN_UNUSED_FUNCTION = YES;
				GCC_WARN_UNUSED_VARIABLE = YES;
				IPHONEOS_DEPLOYMENT_TARGET = 12.2;
				MTL_ENABLE_DEBUG_INFO = NO;
				MTL_FAST_MATH = YES;
				SDKROOT = iphoneos;
				SWIFT_COMPILATION_MODE = wholemodule;
				SWIFT_OPTIMIZATION_LEVEL = "-O";
				VALIDATE_PRODUCT = YES;
			};
			name = Release;
		};
		2D5F4974230B933A0019B968 /* Debug */ = {
			isa = XCBuildConfiguration;
			buildSettings = {
				ASSETCATALOG_COMPILER_APPICON_NAME = AppIcon;
				CODE_SIGN_STYLE = Automatic;
				DEVELOPMENT_TEAM = QD39SW5YJ4;
				INFOPLIST_FILE = Metadata/Info.plist;
				LD_RUNPATH_SEARCH_PATHS = (
					"$(inherited)",
					"@executable_path/Frameworks",
				);
				PRODUCT_BUNDLE_IDENTIFIER = ShaiDin.Demo.Special.TDDFaDaTsaiDemo;
				PRODUCT_NAME = "$(TARGET_NAME)";
				SWIFT_VERSION = 5.0;
				TARGETED_DEVICE_FAMILY = "1,2";
			};
			name = Debug;
		};
		2D5F4975230B933A0019B968 /* Release */ = {
			isa = XCBuildConfiguration;
			buildSettings = {
				ASSETCATALOG_COMPILER_APPICON_NAME = AppIcon;
				CODE_SIGN_STYLE = Automatic;
				DEVELOPMENT_TEAM = QD39SW5YJ4;
				INFOPLIST_FILE = Metadata/Info.plist;
				LD_RUNPATH_SEARCH_PATHS = (
					"$(inherited)",
					"@executable_path/Frameworks",
				);
				PRODUCT_BUNDLE_IDENTIFIER = ShaiDin.Demo.Special.TDDFaDaTsaiDemo;
				PRODUCT_NAME = "$(TARGET_NAME)";
				SWIFT_VERSION = 5.0;
				TARGETED_DEVICE_FAMILY = "1,2";
			};
			name = Release;
		};
		2D5F4977230B933A0019B968 /* Debug */ = {
			isa = XCBuildConfiguration;
			buildSettings = {
				ALWAYS_EMBED_SWIFT_STANDARD_LIBRARIES = YES;
				BUNDLE_LOADER = "$(TEST_HOST)";
				CODE_SIGN_STYLE = Automatic;
				DEVELOPMENT_TEAM = QD39SW5YJ4;
				INFOPLIST_FILE = Metadata/TestInfo.plist;
				LD_RUNPATH_SEARCH_PATHS = (
					"$(inherited)",
					"@executable_path/Frameworks",
					"@loader_path/Frameworks",
				);
				PRODUCT_BUNDLE_IDENTIFIER = ShaiDin.Demo.Special.TDDFaDaTsaiDemoTests;
				PRODUCT_NAME = "$(TARGET_NAME)";
				SWIFT_VERSION = 5.0;
				TARGETED_DEVICE_FAMILY = "1,2";
				TEST_HOST = "$(BUILT_PRODUCTS_DIR)/TDDFaDaTsaiDemo.app/TDDFaDaTsaiDemo";
			};
			name = Debug;
		};
		2D5F4978230B933A0019B968 /* Release */ = {
			isa = XCBuildConfiguration;
			buildSettings = {
				ALWAYS_EMBED_SWIFT_STANDARD_LIBRARIES = YES;
				BUNDLE_LOADER = "$(TEST_HOST)";
				CODE_SIGN_STYLE = Automatic;
				DEVELOPMENT_TEAM = QD39SW5YJ4;
				INFOPLIST_FILE = Metadata/TestInfo.plist;
				LD_RUNPATH_SEARCH_PATHS = (
					"$(inherited)",
					"@executable_path/Frameworks",
					"@loader_path/Frameworks",
				);
				PRODUCT_BUNDLE_IDENTIFIER = ShaiDin.Demo.Special.TDDFaDaTsaiDemoTests;
				PRODUCT_NAME = "$(TARGET_NAME)";
				SWIFT_VERSION = 5.0;
				TARGETED_DEVICE_FAMILY = "1,2";
				TEST_HOST = "$(BUILT_PRODUCTS_DIR)/TDDFaDaTsaiDemo.app/TDDFaDaTsaiDemo";
			};
			name = Release;
		};
/* End XCBuildConfiguration section */

/* Begin XCConfigurationList section */
		2D5F4946230B93380019B968 /* Build configuration list for PBXProject "TDDFaDaTsaiDemo" */ = {
			isa = XCConfigurationList;
			buildConfigurations = (
				2D5F4971230B933A0019B968 /* Debug */,
				2D5F4972230B933A0019B968 /* Release */,
			);
			defaultConfigurationIsVisible = 0;
			defaultConfigurationName = Release;
		};
		2D5F4973230B933A0019B968 /* Build configuration list for PBXNativeTarget "TDDFaDaTsaiDemo" */ = {
			isa = XCConfigurationList;
			buildConfigurations = (
				2D5F4974230B933A0019B968 /* Debug */,
				2D5F4975230B933A0019B968 /* Release */,
			);
			defaultConfigurationIsVisible = 0;
			defaultConfigurationName = Release;
		};
		2D5F4976230B933A0019B968 /* Build configuration list for PBXNativeTarget "TDDFaDaTsaiDemoTests" */ = {
			isa = XCConfigurationList;
			buildConfigurations = (
				2D5F4977230B933A0019B968 /* Debug */,
				2D5F4978230B933A0019B968 /* Release */,
			);
			defaultConfigurationIsVisible = 0;
			defaultConfigurationName = Release;
		};
/* End XCConfigurationList section */
	};
	rootObject = 2D5F4943230B93380019B968 /* Project object */;
}
